// !$*UTF8*$!
{
	archiveVersion = 1;
	classes = {
	};
	objectVersion = 50;
	objects = {

/* Begin PBXBuildFile section */
		1E4AD625245603C600A3FFCA /* GeneralVC.swift in Sources */ = {isa = PBXBuildFile; fileRef = 1E4AD624245603C600A3FFCA /* GeneralVC.swift */; };
		1E4AD627245603DC00A3FFCA /* CountryVC.swift in Sources */ = {isa = PBXBuildFile; fileRef = 1E4AD626245603DC00A3FFCA /* CountryVC.swift */; };
		1E4AD6292456058E00A3FFCA /* DataTVCell.swift in Sources */ = {isa = PBXBuildFile; fileRef = 1E4AD6282456058E00A3FFCA /* DataTVCell.swift */; };
		1E4AD62B2456067A00A3FFCA /* TableViewDelegate.swift in Sources */ = {isa = PBXBuildFile; fileRef = 1E4AD62A2456067A00A3FFCA /* TableViewDelegate.swift */; };
		1E4AD62D245606BC00A3FFCA /* TableViewDataSource.swift in Sources */ = {isa = PBXBuildFile; fileRef = 1E4AD62C245606BC00A3FFCA /* TableViewDataSource.swift */; };
		1E4AD62F2456073E00A3FFCA /* ProtocolTableView.swift in Sources */ = {isa = PBXBuildFile; fileRef = 1E4AD62E2456073E00A3FFCA /* ProtocolTableView.swift */; };
		1E4AD63124560E8400A3FFCA /* HeaderTVCell.swift in Sources */ = {isa = PBXBuildFile; fileRef = 1E4AD63024560E8400A3FFCA /* HeaderTVCell.swift */; };
		1EC889D32453CC8D00B078A6 /* AppDelegate.swift in Sources */ = {isa = PBXBuildFile; fileRef = 1EC889D22453CC8D00B078A6 /* AppDelegate.swift */; };
		1EC889D52453CC8D00B078A6 /* SceneDelegate.swift in Sources */ = {isa = PBXBuildFile; fileRef = 1EC889D42453CC8D00B078A6 /* SceneDelegate.swift */; };
		1EC889DA2453CC8D00B078A6 /* Main.storyboard in Resources */ = {isa = PBXBuildFile; fileRef = 1EC889D82453CC8D00B078A6 /* Main.storyboard */; };
		1EC889DC2453CC8E00B078A6 /* Assets.xcassets in Resources */ = {isa = PBXBuildFile; fileRef = 1EC889DB2453CC8E00B078A6 /* Assets.xcassets */; };
		1EC889DF2453CC8E00B078A6 /* LaunchScreen.storyboard in Resources */ = {isa = PBXBuildFile; fileRef = 1EC889DD2453CC8E00B078A6 /* LaunchScreen.storyboard */; };
/* End PBXBuildFile section */

/* Begin PBXFileReference section */
		1E4AD624245603C600A3FFCA /* GeneralVC.swift */ = {isa = PBXFileReference; lastKnownFileType = sourcecode.swift; path = GeneralVC.swift; sourceTree = "<group>"; };
		1E4AD626245603DC00A3FFCA /* CountryVC.swift */ = {isa = PBXFileReference; lastKnownFileType = sourcecode.swift; path = CountryVC.swift; sourceTree = "<group>"; };
		1E4AD6282456058E00A3FFCA /* DataTVCell.swift */ = {isa = PBXFileReference; lastKnownFileType = sourcecode.swift; path = DataTVCell.swift; sourceTree = "<group>"; };
		1E4AD62A2456067A00A3FFCA /* TableViewDelegate.swift */ = {isa = PBXFileReference; lastKnownFileType = sourcecode.swift; path = TableViewDelegate.swift; sourceTree = "<group>"; };
		1E4AD62C245606BC00A3FFCA /* TableViewDataSource.swift */ = {isa = PBXFileReference; lastKnownFileType = sourcecode.swift; path = TableViewDataSource.swift; sourceTree = "<group>"; };
		1E4AD62E2456073E00A3FFCA /* ProtocolTableView.swift */ = {isa = PBXFileReference; lastKnownFileType = sourcecode.swift; path = ProtocolTableView.swift; sourceTree = "<group>"; };
		1E4AD63024560E8400A3FFCA /* HeaderTVCell.swift */ = {isa = PBXFileReference; lastKnownFileType = sourcecode.swift; path = HeaderTVCell.swift; sourceTree = "<group>"; };
		1EC889CF2453CC8D00B078A6 /* CoronaStats.app */ = {isa = PBXFileReference; explicitFileType = wrapper.application; includeInIndex = 0; path = CoronaStats.app; sourceTree = BUILT_PRODUCTS_DIR; };
		1EC889D22453CC8D00B078A6 /* AppDelegate.swift */ = {isa = PBXFileReference; lastKnownFileType = sourcecode.swift; path = AppDelegate.swift; sourceTree = "<group>"; };
		1EC889D42453CC8D00B078A6 /* SceneDelegate.swift */ = {isa = PBXFileReference; lastKnownFileType = sourcecode.swift; path = SceneDelegate.swift; sourceTree = "<group>"; };
		1EC889D92453CC8D00B078A6 /* Base */ = {isa = PBXFileReference; lastKnownFileType = file.storyboard; name = Base; path = Base.lproj/Main.storyboard; sourceTree = "<group>"; };
		1EC889DB2453CC8E00B078A6 /* Assets.xcassets */ = {isa = PBXFileReference; lastKnownFileType = folder.assetcatalog; path = Assets.xcassets; sourceTree = "<group>"; };
		1EC889DE2453CC8E00B078A6 /* Base */ = {isa = PBXFileReference; lastKnownFileType = file.storyboard; name = Base; path = Base.lproj/LaunchScreen.storyboard; sourceTree = "<group>"; };
		1EC889E02453CC8E00B078A6 /* Info.plist */ = {isa = PBXFileReference; lastKnownFileType = text.plist.xml; path = Info.plist; sourceTree = "<group>"; };
/* End PBXFileReference section */

/* Begin PBXFrameworksBuildPhase section */
		1EC889CC2453CC8D00B078A6 /* Frameworks */ = {
			isa = PBXFrameworksBuildPhase;
			buildActionMask = 2147483647;
			files = (
			);
			runOnlyForDeploymentPostprocessing = 0;
		};
/* End PBXFrameworksBuildPhase section */

/* Begin PBXGroup section */
		1E4AD6212456036A00A3FFCA /* Controller */ = {
			isa = PBXGroup;
			children = (
				1E4AD624245603C600A3FFCA /* GeneralVC.swift */,
				1E4AD626245603DC00A3FFCA /* CountryVC.swift */,
			);
			path = Controller;
			sourceTree = "<group>";
		};
		1E4AD6222456037500A3FFCA /* View */ = {
			isa = PBXGroup;
			children = (
				1EC889DD2453CC8E00B078A6 /* LaunchScreen.storyboard */,
				1EC889D82453CC8D00B078A6 /* Main.storyboard */,
				1EC889DB2453CC8E00B078A6 /* Assets.xcassets */,
				1E4AD6282456058E00A3FFCA /* DataTVCell.swift */,
				1E4AD63024560E8400A3FFCA /* HeaderTVCell.swift */,
			);
			path = View;
			sourceTree = "<group>";
		};
		1E4AD6232456037A00A3FFCA /* Model */ = {
			isa = PBXGroup;
			children = (
				1EC889D22453CC8D00B078A6 /* AppDelegate.swift */,
				1EC889D42453CC8D00B078A6 /* SceneDelegate.swift */,
				1E4AD62A2456067A00A3FFCA /* TableViewDelegate.swift */,
				1E4AD62C245606BC00A3FFCA /* TableViewDataSource.swift */,
				1E4AD62E2456073E00A3FFCA /* ProtocolTableView.swift */,
			);
			path = Model;
			sourceTree = "<group>";
		};
		1EC889C62453CC8D00B078A6 = {
			isa = PBXGroup;
			children = (
				1EC889D12453CC8D00B078A6 /* CoronaStats */,
				1EC889D02453CC8D00B078A6 /* Products */,
			);
			sourceTree = "<group>";
		};
		1EC889D02453CC8D00B078A6 /* Products */ = {
			isa = PBXGroup;
			children = (
				1EC889CF2453CC8D00B078A6 /* CoronaStats.app */,
			);
			name = Products;
			sourceTree = "<group>";
		};
		1EC889D12453CC8D00B078A6 /* CoronaStats */ = {
			isa = PBXGroup;
			children = (
				1E4AD6232456037A00A3FFCA /* Model */,
				1E4AD6222456037500A3FFCA /* View */,
				1E4AD6212456036A00A3FFCA /* Controller */,
				1EC889E02453CC8E00B078A6 /* Info.plist */,
			);
			path = CoronaStats;
			sourceTree = "<group>";
		};
/* End PBXGroup section */

/* Begin PBXNativeTarget section */
		1EC889CE2453CC8D00B078A6 /* CoronaStats */ = {
			isa = PBXNativeTarget;
			buildConfigurationList = 1EC889E32453CC8E00B078A6 /* Build configuration list for PBXNativeTarget "CoronaStats" */;
			buildPhases = (
				1EC889CB2453CC8D00B078A6 /* Sources */,
				1EC889CC2453CC8D00B078A6 /* Frameworks */,
				1EC889CD2453CC8D00B078A6 /* Resources */,
				1EC889E62453CD9600B078A6 /* ShellScript */,
			);
			buildRules = (
			);
			dependencies = (
			);
			name = CoronaStats;
			productName = CoronaStats;
			productReference = 1EC889CF2453CC8D00B078A6 /* CoronaStats.app */;
			productType = "com.apple.product-type.application";
		};
/* End PBXNativeTarget section */

/* Begin PBXProject section */
		1EC889C72453CC8D00B078A6 /* Project object */ = {
			isa = PBXProject;
			attributes = {
				LastSwiftUpdateCheck = 1140;
				LastUpgradeCheck = 1140;
				ORGANIZATIONNAME = "Paula Leite";
				TargetAttributes = {
					1EC889CE2453CC8D00B078A6 = {
						CreatedOnToolsVersion = 11.4.1;
					};
				};
			};
			buildConfigurationList = 1EC889CA2453CC8D00B078A6 /* Build configuration list for PBXProject "CoronaStats" */;
			compatibilityVersion = "Xcode 9.3";
			developmentRegion = en;
			hasScannedForEncodings = 0;
			knownRegions = (
				en,
				Base,
			);
			mainGroup = 1EC889C62453CC8D00B078A6;
			productRefGroup = 1EC889D02453CC8D00B078A6 /* Products */;
			projectDirPath = "";
			projectRoot = "";
			targets = (
				1EC889CE2453CC8D00B078A6 /* CoronaStats */,
			);
		};
/* End PBXProject section */

/* Begin PBXResourcesBuildPhase section */
		1EC889CD2453CC8D00B078A6 /* Resources */ = {
			isa = PBXResourcesBuildPhase;
			buildActionMask = 2147483647;
			files = (
				1EC889DF2453CC8E00B078A6 /* LaunchScreen.storyboard in Resources */,
				1EC889DC2453CC8E00B078A6 /* Assets.xcassets in Resources */,
				1EC889DA2453CC8D00B078A6 /* Main.storyboard in Resources */,
			);
			runOnlyForDeploymentPostprocessing = 0;
		};
/* End PBXResourcesBuildPhase section */

/* Begin PBXShellScriptBuildPhase section */
		1EC889E62453CD9600B078A6 /* ShellScript */ = {
			isa = PBXShellScriptBuildPhase;
			buildActionMask = 2147483647;
			files = (
			);
			inputFileListPaths = (
			);
			inputPaths = (
			);
			outputFileListPaths = (
			);
			outputPaths = (
			);
			runOnlyForDeploymentPostprocessing = 0;
			shellPath = /bin/sh;
			shellScript = "if which swiftlint >/dev/null; then\nswiftlint\nelse\necho \"warning: SwiftLint not installed, download from https://github.com/realm/SwiftLint\"\nfi\n";
		};
/* End PBXShellScriptBuildPhase section */

/* Begin PBXSourcesBuildPhase section */
		1EC889CB2453CC8D00B078A6 /* Sources */ = {
			isa = PBXSourcesBuildPhase;
			buildActionMask = 2147483647;
			files = (
				1E4AD627245603DC00A3FFCA /* CountryVC.swift in Sources */,
				1E4AD63124560E8400A3FFCA /* HeaderTVCell.swift in Sources */,
				1E4AD625245603C600A3FFCA /* GeneralVC.swift in Sources */,
				1EC889D32453CC8D00B078A6 /* AppDelegate.swift in Sources */,
				1E4AD6292456058E00A3FFCA /* DataTVCell.swift in Sources */,
				1E4AD62B2456067A00A3FFCA /* TableViewDelegate.swift in Sources */,
				1E4AD62D245606BC00A3FFCA /* TableViewDataSource.swift in Sources */,
				1EC889D52453CC8D00B078A6 /* SceneDelegate.swift in Sources */,
				1E4AD62F2456073E00A3FFCA /* ProtocolTableView.swift in Sources */,
			);
			runOnlyForDeploymentPostprocessing = 0;
		};
/* End PBXSourcesBuildPhase section */

/* Begin PBXVariantGroup section */
		1EC889D82453CC8D00B078A6 /* Main.storyboard */ = {
			isa = PBXVariantGroup;
			children = (
				1EC889D92453CC8D00B078A6 /* Base */,
			);
			name = Main.storyboard;
			sourceTree = "<group>";
		};
		1EC889DD2453CC8E00B078A6 /* LaunchScreen.storyboard */ = {
			isa = PBXVariantGroup;
			children = (
				1EC889DE2453CC8E00B078A6 /* Base */,
			);
			name = LaunchScreen.storyboard;
			sourceTree = "<group>";
		};
/* End PBXVariantGroup section */

/* Begin XCBuildConfiguration section */
		1EC889E12453CC8E00B078A6 /* Debug */ = {
			isa = XCBuildConfiguration;
			buildSettings = {
				ALWAYS_SEARCH_USER_PATHS = NO;
				CLANG_ANALYZER_NONNULL = YES;
				CLANG_ANALYZER_NUMBER_OBJECT_CONVERSION = YES_AGGRESSIVE;
				CLANG_CXX_LANGUAGE_STANDARD = "gnu++14";
				CLANG_CXX_LIBRARY = "libc++";
				CLANG_ENABLE_MODULES = YES;
				CLANG_ENABLE_OBJC_ARC = YES;
				CLANG_ENABLE_OBJC_WEAK = YES;
				CLANG_WARN_BLOCK_CAPTURE_AUTORELEASING = YES;
				CLANG_WARN_BOOL_CONVERSION = YES;
				CLANG_WARN_COMMA = YES;
				CLANG_WARN_CONSTANT_CONVERSION = YES;
				CLANG_WARN_DEPRECATED_OBJC_IMPLEMENTATIONS = YES;
				CLANG_WARN_DIRECT_OBJC_ISA_USAGE = YES_ERROR;
				CLANG_WARN_DOCUMENTATION_COMMENTS = YES;
				CLANG_WARN_EMPTY_BODY = YES;
				CLANG_WARN_ENUM_CONVERSION = YES;
				CLANG_WARN_INFINITE_RECURSION = YES;
				CLANG_WARN_INT_CONVERSION = YES;
				CLANG_WARN_NON_LITERAL_NULL_CONVERSION = YES;
				CLANG_WARN_OBJC_IMPLICIT_RETAIN_SELF = YES;
				CLANG_WARN_OBJC_LITERAL_CONVERSION = YES;
				CLANG_WARN_OBJC_ROOT_CLASS = YES_ERROR;
				CLANG_WARN_RANGE_LOOP_ANALYSIS = YES;
				CLANG_WARN_STRICT_PROTOTYPES = YES;
				CLANG_WARN_SUSPICIOUS_MOVE = YES;
				CLANG_WARN_UNGUARDED_AVAILABILITY = YES_AGGRESSIVE;
				CLANG_WARN_UNREACHABLE_CODE = YES;
				CLANG_WARN__DUPLICATE_METHOD_MATCH = YES;
				COPY_PHASE_STRIP = NO;
				DEBUG_INFORMATION_FORMAT = dwarf;
				ENABLE_STRICT_OBJC_MSGSEND = YES;
				ENABLE_TESTABILITY = YES;
				GCC_C_LANGUAGE_STANDARD = gnu11;
				GCC_DYNAMIC_NO_PIC = NO;
				GCC_NO_COMMON_BLOCKS = YES;
				GCC_OPTIMIZATION_LEVEL = 0;
				GCC_PREPROCESSOR_DEFINITIONS = (
					"DEBUG=1",
					"$(inherited)",
				);
				GCC_WARN_64_TO_32_BIT_CONVERSION = YES;
				GCC_WARN_ABOUT_RETURN_TYPE = YES_ERROR;
				GCC_WARN_UNDECLARED_SELECTOR = YES;
				GCC_WARN_UNINITIALIZED_AUTOS = YES_AGGRESSIVE;
				GCC_WARN_UNUSED_FUNCTION = YES;
				GCC_WARN_UNUSED_VARIABLE = YES;
				IPHONEOS_DEPLOYMENT_TARGET = 13.4;
				MTL_ENABLE_DEBUG_INFO = INCLUDE_SOURCE;
				MTL_FAST_MATH = YES;
				ONLY_ACTIVE_ARCH = YES;
				SDKROOT = iphoneos;
				SWIFT_ACTIVE_COMPILATION_CONDITIONS = DEBUG;
				SWIFT_OPTIMIZATION_LEVEL = "-Onone";
			};
			name = Debug;
		};
		1EC889E22453CC8E00B078A6 /* Release */ = {
			isa = XCBuildConfiguration;
			buildSettings = {
				ALWAYS_SEARCH_USER_PATHS = NO;
				CLANG_ANALYZER_NONNULL = YES;
				CLANG_ANALYZER_NUMBER_OBJECT_CONVERSION = YES_AGGRESSIVE;
				CLANG_CXX_LANGUAGE_STANDARD = "gnu++14";
				CLANG_CXX_LIBRARY = "libc++";
				CLANG_ENABLE_MODULES = YES;
				CLANG_ENABLE_OBJC_ARC = YES;
				CLANG_ENABLE_OBJC_WEAK = YES;
				CLANG_WARN_BLOCK_CAPTURE_AUTORELEASING = YES;
				CLANG_WARN_BOOL_CONVERSION = YES;
				CLANG_WARN_COMMA = YES;
				CLANG_WARN_CONSTANT_CONVERSION = YES;
				CLANG_WARN_DEPRECATED_OBJC_IMPLEMENTATIONS = YES;
				CLANG_WARN_DIRECT_OBJC_ISA_USAGE = YES_ERROR;
				CLANG_WARN_DOCUMENTATION_COMMENTS = YES;
				CLANG_WARN_EMPTY_BODY = YES;
				CLANG_WARN_ENUM_CONVERSION = YES;
				CLANG_WARN_INFINITE_RECURSION = YES;
				CLANG_WARN_INT_CONVERSION = YES;
				CLANG_WARN_NON_LITERAL_NULL_CONVERSION = YES;
				CLANG_WARN_OBJC_IMPLICIT_RETAIN_SELF = YES;
				CLANG_WARN_OBJC_LITERAL_CONVERSION = YES;
				CLANG_WARN_OBJC_ROOT_CLASS = YES_ERROR;
				CLANG_WARN_RANGE_LOOP_ANALYSIS = YES;
				CLANG_WARN_STRICT_PROTOTYPES = YES;
				CLANG_WARN_SUSPICIOUS_MOVE = YES;
				CLANG_WARN_UNGUARDED_AVAILABILITY = YES_AGGRESSIVE;
				CLANG_WARN_UNREACHABLE_CODE = YES;
				CLANG_WARN__DUPLICATE_METHOD_MATCH = YES;
				COPY_PHASE_STRIP = NO;
				DEBUG_INFORMATION_FORMAT = "dwarf-with-dsym";
				ENABLE_NS_ASSERTIONS = NO;
				ENABLE_STRICT_OBJC_MSGSEND = YES;
				GCC_C_LANGUAGE_STANDARD = gnu11;
				GCC_NO_COMMON_BLOCKS = YES;
				GCC_WARN_64_TO_32_BIT_CONVERSION = YES;
				GCC_WARN_ABOUT_RETURN_TYPE = YES_ERROR;
				GCC_WARN_UNDECLARED_SELECTOR = YES;
				GCC_WARN_UNINITIALIZED_AUTOS = YES_AGGRESSIVE;
				GCC_WARN_UNUSED_FUNCTION = YES;
				GCC_WARN_UNUSED_VARIABLE = YES;
				IPHONEOS_DEPLOYMENT_TARGET = 13.4;
				MTL_ENABLE_DEBUG_INFO = NO;
				MTL_FAST_MATH = YES;
				SDKROOT = iphoneos;
				SWIFT_COMPILATION_MODE = wholemodule;
				SWIFT_OPTIMIZATION_LEVEL = "-O";
				VALIDATE_PRODUCT = YES;
			};
			name = Release;
		};
		1EC889E42453CC8E00B078A6 /* Debug */ = {
			isa = XCBuildConfiguration;
			buildSettings = {
				ASSETCATALOG_COMPILER_APPICON_NAME = AppIcon;
				CODE_SIGN_STYLE = Automatic;
				DEVELOPMENT_TEAM = X54K5PJVGU;
				INFOPLIST_FILE = CoronaStats/Info.plist;
				LD_RUNPATH_SEARCH_PATHS = (
					"$(inherited)",
					"@executable_path/Frameworks",
				);
				PRODUCT_BUNDLE_IDENTIFIER = ptl.CoronaStats;
				PRODUCT_NAME = "$(TARGET_NAME)";
				SWIFT_VERSION = 5.0;
				TARGETED_DEVICE_FAMILY = "1,2";
			};
			name = Debug;
		};
		1EC889E52453CC8E00B078A6 /* Release */ = {
			isa = XCBuildConfiguration;
			buildSettings = {
				ASSETCATALOG_COMPILER_APPICON_NAME = AppIcon;
				CODE_SIGN_STYLE = Automatic;
				DEVELOPMENT_TEAM = X54K5PJVGU;
				INFOPLIST_FILE = CoronaStats/Info.plist;
				LD_RUNPATH_SEARCH_PATHS = (
					"$(inherited)",
					"@executable_path/Frameworks",
				);
				PRODUCT_BUNDLE_IDENTIFIER = ptl.CoronaStats;
				PRODUCT_NAME = "$(TARGET_NAME)";
				SWIFT_VERSION = 5.0;
				TARGETED_DEVICE_FAMILY = "1,2";
			};
			name = Release;
		};
/* End XCBuildConfiguration section */

/* Begin XCConfigurationList section */
		1EC889CA2453CC8D00B078A6 /* Build configuration list for PBXProject "CoronaStats" */ = {
			isa = XCConfigurationList;
			buildConfigurations = (
				1EC889E12453CC8E00B078A6 /* Debug */,
				1EC889E22453CC8E00B078A6 /* Release */,
			);
			defaultConfigurationIsVisible = 0;
			defaultConfigurationName = Release;
		};
		1EC889E32453CC8E00B078A6 /* Build configuration list for PBXNativeTarget "CoronaStats" */ = {
			isa = XCConfigurationList;
			buildConfigurations = (
				1EC889E42453CC8E00B078A6 /* Debug */,
				1EC889E52453CC8E00B078A6 /* Release */,
			);
			defaultConfigurationIsVisible = 0;
			defaultConfigurationName = Release;
		};
/* End XCConfigurationList section */
	};
	rootObject = 1EC889C72453CC8D00B078A6 /* Project object */;
}
